
Microsoft Visual Studio Solution File, Format Version 12.00
# Visual Studio Version 16
VisualStudioVersion = 16.0.30907.101
MinimumVisualStudioVersion = 10.0.40219.1
Project("{FAE04EC0-301F-11D3-BF4B-00C04F79EFBC}") = "Practica0csar", "Practica0csar\Practica0csar.csproj", "{BCEBA3DC-536E-4CAB-A7A2-D5027FF9AF91}"
EndProject
Global
	GlobalSection(SolutionConfigurationPlatforms) = preSolution
		Debug|Any CPU = Debug|Any CPU
		Release|Any CPU = Release|Any CPU
	EndGlobalSection
	GlobalSection(ProjectConfigurationPlatforms) = postSolution
		{BCEBA3DC-536E-4CAB-A7A2-D5027FF9AF91}.Debug|Any CPU.ActiveCfg = Debug|Any CPU
		{BCEBA3DC-536E-4CAB-A7A2-D5027FF9AF91}.Debug|Any CPU.Build.0 = Debug|Any CPU
		{BCEBA3DC-536E-4CAB-A7A2-D5027FF9AF91}.Release|Any CPU.ActiveCfg = Release|Any CPU
		{BCEBA3DC-536E-4CAB-A7A2-D5027FF9AF91}.Release|Any CPU.Build.0 = Release|Any CPU
	EndGlobalSection
	GlobalSection(SolutionProperties) = preSolution
		HideSolutionNode = FALSE
	EndGlobalSection
	GlobalSection(ExtensibilityGlobals) = postSolution
		SolutionGuid = {7088A834-EC58-431C-8402-463A72E25E80}
	EndGlobalSection
EndGlobal
